
Microsoft Visual Studio Solution File, Format Version 10.00
# Visual Studio 2008
Project("{FAE04EC0-301F-11D3-BF4B-00C04F79EFBC}") = "ACM Attack!", "ACM Attack!\ACM Attack!.csproj", "{EAB32EF7-ADD8-4A3C-8FCC-B8DBD9FFE569}"
EndProject
Global
	GlobalSection(SolutionConfigurationPlatforms) = preSolution
		Debug|x86 = Debug|x86
		Release|x86 = Release|x86
	EndGlobalSection
	GlobalSection(ProjectConfigurationPlatforms) = postSolution
		{EAB32EF7-ADD8-4A3C-8FCC-B8DBD9FFE569}.Debug|x86.ActiveCfg = Debug|x86
		{EAB32EF7-ADD8-4A3C-8FCC-B8DBD9FFE569}.Debug|x86.Build.0 = Debug|x86
		{EAB32EF7-ADD8-4A3C-8FCC-B8DBD9FFE569}.Release|x86.ActiveCfg = Release|x86
		{EAB32EF7-ADD8-4A3C-8FCC-B8DBD9FFE569}.Release|x86.Build.0 = Release|x86
		{DD76D802-E115-41D4-A109-5B01BDC78AD2}.Debug|x86.ActiveCfg = Debug|x86
		{DD76D802-E115-41D4-A109-5B01BDC78AD2}.Release|x86.ActiveCfg = Release|x86
	EndGlobalSection
	GlobalSection(SolutionProperties) = preSolution
		HideSolutionNode = FALSE
	EndGlobalSection
EndGlobal
